
Microsoft Visual Studio Solution File, Format Version 12.00
# Visual Studio 15
VisualStudioVersion = 15.0.26730.16
MinimumVisualStudioVersion = 10.0.40219.1
Project("{FAE04EC0-301F-11D3-BF4B-00C04F79EFBC}") = "BOJ_Crawler", "BOJ_Crawler\BOJ_Crawler.csproj", "{D3E26675-01FE-4AE4-856C-AEBEC015C8AE}"
EndProject
Global
	GlobalSection(SolutionConfigurationPlatforms) = preSolution
		Debug|Any CPU = Debug|Any CPU
		Release|Any CPU = Release|Any CPU
	EndGlobalSection
	GlobalSection(ProjectConfigurationPlatforms) = postSolution
		{D3E26675-01FE-4AE4-856C-AEBEC015C8AE}.Debug|Any CPU.ActiveCfg = Debug|Any CPU
		{D3E26675-01FE-4AE4-856C-AEBEC015C8AE}.Debug|Any CPU.Build.0 = Debug|Any CPU
		{D3E26675-01FE-4AE4-856C-AEBEC015C8AE}.Release|Any CPU.ActiveCfg = Release|Any CPU
		{D3E26675-01FE-4AE4-856C-AEBEC015C8AE}.Release|Any CPU.Build.0 = Release|Any CPU
	EndGlobalSection
	GlobalSection(SolutionProperties) = preSolution
		HideSolutionNode = FALSE
	EndGlobalSection
	GlobalSection(ExtensibilityGlobals) = postSolution
		SolutionGuid = {A531F7A4-4B72-4D98-AF08-0D2018220267}
	EndGlobalSection
EndGlobal
